
Microsoft Visual Studio Solution File, Format Version 12.00
# Visual Studio Version 17
VisualStudioVersion = 17.10.34916.146
MinimumVisualStudioVersion = 10.0.40219.1
Project("{FAE04EC0-301F-11D3-BF4B-00C04F79EFBC}") = "ProductAPI", "ProductAPI\ProductAPI.csproj", "{BFDAC64D-1108-41BC-A580-18AF350AB940}"
EndProject
Project("{FAE04EC0-301F-11D3-BF4B-00C04F79EFBC}") = "OrderAPI", "OrderAPI\OrderAPI.csproj", "{1A1ADCC2-F3B9-43BC-9A73-A037B7A79EC4}"
EndProject
Project("{FAE04EC0-301F-11D3-BF4B-00C04F79EFBC}") = "EmailNotificationWebhook", "EmailNotificationWebhook\EmailNotificationWebhook.csproj", "{7B88EE31-0EAC-436F-9464-39D70757911B}"
EndProject
Project("{FAE04EC0-301F-11D3-BF4B-00C04F79EFBC}") = "SharedLib", "SharedLib\SharedLib.csproj", "{98557C2B-416E-4390-85F3-4E750FD92A9F}"
EndProject
Global
	GlobalSection(SolutionConfigurationPlatforms) = preSolution
		Debug|Any CPU = Debug|Any CPU
		Release|Any CPU = Release|Any CPU
	EndGlobalSection
	GlobalSection(ProjectConfigurationPlatforms) = postSolution
		{BFDAC64D-1108-41BC-A580-18AF350AB940}.Debug|Any CPU.ActiveCfg = Debug|Any CPU
		{BFDAC64D-1108-41BC-A580-18AF350AB940}.Debug|Any CPU.Build.0 = Debug|Any CPU
		{BFDAC64D-1108-41BC-A580-18AF350AB940}.Release|Any CPU.ActiveCfg = Release|Any CPU
		{BFDAC64D-1108-41BC-A580-18AF350AB940}.Release|Any CPU.Build.0 = Release|Any CPU
		{1A1ADCC2-F3B9-43BC-9A73-A037B7A79EC4}.Debug|Any CPU.ActiveCfg = Debug|Any CPU
		{1A1ADCC2-F3B9-43BC-9A73-A037B7A79EC4}.Debug|Any CPU.Build.0 = Debug|Any CPU
		{1A1ADCC2-F3B9-43BC-9A73-A037B7A79EC4}.Release|Any CPU.ActiveCfg = Release|Any CPU
		{1A1ADCC2-F3B9-43BC-9A73-A037B7A79EC4}.Release|Any CPU.Build.0 = Release|Any CPU
		{7B88EE31-0EAC-436F-9464-39D70757911B}.Debug|Any CPU.ActiveCfg = Debug|Any CPU
		{7B88EE31-0EAC-436F-9464-39D70757911B}.Debug|Any CPU.Build.0 = Debug|Any CPU
		{7B88EE31-0EAC-436F-9464-39D70757911B}.Release|Any CPU.ActiveCfg = Release|Any CPU
		{7B88EE31-0EAC-436F-9464-39D70757911B}.Release|Any CPU.Build.0 = Release|Any CPU
		{98557C2B-416E-4390-85F3-4E750FD92A9F}.Debug|Any CPU.ActiveCfg = Debug|Any CPU
		{98557C2B-416E-4390-85F3-4E750FD92A9F}.Debug|Any CPU.Build.0 = Debug|Any CPU
		{98557C2B-416E-4390-85F3-4E750FD92A9F}.Release|Any CPU.ActiveCfg = Release|Any CPU
		{98557C2B-416E-4390-85F3-4E750FD92A9F}.Release|Any CPU.Build.0 = Release|Any CPU
	EndGlobalSection
	GlobalSection(SolutionProperties) = preSolution
		HideSolutionNode = FALSE
	EndGlobalSection
	GlobalSection(ExtensibilityGlobals) = postSolution
		SolutionGuid = {A05D02AD-6C3A-4D55-9641-1316D202543B}
	EndGlobalSection
EndGlobal
